// !$*UTF8*$!
{
	archiveVersion = 1;
	classes = {
	};
	objectVersion = 46;
	objects = {

/* Begin PBXBuildFile section */
		850870401EC20CAA00A79C08 /* main.m in Sources */ = {isa = PBXBuildFile; fileRef = 8508703F1EC20CAA00A79C08 /* main.m */; };
		850870431EC20CAA00A79C08 /* AppDelegate.m in Sources */ = {isa = PBXBuildFile; fileRef = 850870421EC20CAA00A79C08 /* AppDelegate.m */; };
		850870461EC20CAA00A79C08 /* ViewController.m in Sources */ = {isa = PBXBuildFile; fileRef = 850870451EC20CAA00A79C08 /* ViewController.m */; };
		850870491EC20CAA00A79C08 /* Main.storyboard in Resources */ = {isa = PBXBuildFile; fileRef = 850870471EC20CAA00A79C08 /* Main.storyboard */; };
		8508704B1EC20CAA00A79C08 /* Assets.xcassets in Resources */ = {isa = PBXBuildFile; fileRef = 8508704A1EC20CAA00A79C08 /* Assets.xcassets */; };
		8508704E1EC20CAA00A79C08 /* LaunchScreen.storyboard in Resources */ = {isa = PBXBuildFile; fileRef = 8508704C1EC20CAA00A79C08 /* LaunchScreen.storyboard */; };
		850870591EC20CAA00A79C08 /* MediatorPatternGoTests.m in Sources */ = {isa = PBXBuildFile; fileRef = 850870581EC20CAA00A79C08 /* MediatorPatternGoTests.m */; };
		850870651EC20E8F00A79C08 /* MKRootViewController.m in Sources */ = {isa = PBXBuildFile; fileRef = 850870641EC20E8F00A79C08 /* MKRootViewController.m */; };
		8508709F1EC2DFC300A79C08 /* MKMediator+ModuleA.m in Sources */ = {isa = PBXBuildFile; fileRef = 850870891EC2DFC300A79C08 /* MKMediator+ModuleA.m */; };
		850870A01EC2DFC300A79C08 /* MKMediator+ModuleB.m in Sources */ = {isa = PBXBuildFile; fileRef = 8508708B1EC2DFC300A79C08 /* MKMediator+ModuleB.m */; };
		850870A11EC2DFC300A79C08 /* MKMediator+ModuleC.m in Sources */ = {isa = PBXBuildFile; fileRef = 8508708D1EC2DFC300A79C08 /* MKMediator+ModuleC.m */; };
		850870A21EC2DFC300A79C08 /* MKMediator.m in Sources */ = {isa = PBXBuildFile; fileRef = 8508708F1EC2DFC300A79C08 /* MKMediator.m */; };
		850870A31EC2DFC300A79C08 /* MKModuleA.m in Sources */ = {isa = PBXBuildFile; fileRef = 850870921EC2DFC300A79C08 /* MKModuleA.m */; };
		850870A41EC2DFC300A79C08 /* MKModuleAController.m in Sources */ = {isa = PBXBuildFile; fileRef = 850870941EC2DFC300A79C08 /* MKModuleAController.m */; };
		850870A51EC2DFC300A79C08 /* MKModuleB.m in Sources */ = {isa = PBXBuildFile; fileRef = 850870971EC2DFC300A79C08 /* MKModuleB.m */; };
		850870A61EC2DFC300A79C08 /* MKModuleBController.m in Sources */ = {isa = PBXBuildFile; fileRef = 850870991EC2DFC300A79C08 /* MKModuleBController.m */; };
		850870A71EC2DFC300A79C08 /* MKModuleC.m in Sources */ = {isa = PBXBuildFile; fileRef = 8508709C1EC2DFC300A79C08 /* MKModuleC.m */; };
		850870A81EC2DFC300A79C08 /* MKModuleCController.m in Sources */ = {isa = PBXBuildFile; fileRef = 8508709E1EC2DFC300A79C08 /* MKModuleCController.m */; };
/* End PBXBuildFile section */

/* Begin PBXContainerItemProxy section */
		850870551EC20CAA00A79C08 /* PBXContainerItemProxy */ = {
			isa = PBXContainerItemProxy;
			containerPortal = 850870331EC20CAA00A79C08 /* Project object */;
			proxyType = 1;
			remoteGlobalIDString = 8508703A1EC20CAA00A79C08;
			remoteInfo = MediatorPatternGo;
		};
/* End PBXContainerItemProxy section */

/* Begin PBXFileReference section */
		8508703B1EC20CAA00A79C08 /* MediatorPatternGo.app */ = {isa = PBXFileReference; explicitFileType = wrapper.application; includeInIndex = 0; path = MediatorPatternGo.app; sourceTree = BUILT_PRODUCTS_DIR; };
		8508703F1EC20CAA00A79C08 /* main.m */ = {isa = PBXFileReference; lastKnownFileType = sourcecode.c.objc; path = main.m; sourceTree = "<group>"; };
		850870411EC20CAA00A79C08 /* AppDelegate.h */ = {isa = PBXFileReference; lastKnownFileType = sourcecode.c.h; path = AppDelegate.h; sourceTree = "<group>"; };
		850870421EC20CAA00A79C08 /* AppDelegate.m */ = {isa = PBXFileReference; lastKnownFileType = sourcecode.c.objc; path = AppDelegate.m; sourceTree = "<group>"; };
		850870441EC20CAA00A79C08 /* ViewController.h */ = {isa = PBXFileReference; lastKnownFileType = sourcecode.c.h; path = ViewController.h; sourceTree = "<group>"; };
		850870451EC20CAA00A79C08 /* ViewController.m */ = {isa = PBXFileReference; lastKnownFileType = sourcecode.c.objc; path = ViewController.m; sourceTree = "<group>"; };
		850870481EC20CAA00A79C08 /* Base */ = {isa = PBXFileReference; lastKnownFileType = file.storyboard; name = Base; path = Base.lproj/Main.storyboard; sourceTree = "<group>"; };
		8508704A1EC20CAA00A79C08 /* Assets.xcassets */ = {isa = PBXFileReference; lastKnownFileType = folder.assetcatalog; path = Assets.xcassets; sourceTree = "<group>"; };
		8508704D1EC20CAA00A79C08 /* Base */ = {isa = PBXFileReference; lastKnownFileType = file.storyboard; name = Base; path = Base.lproj/LaunchScreen.storyboard; sourceTree = "<group>"; };
		8508704F1EC20CAA00A79C08 /* Info.plist */ = {isa = PBXFileReference; lastKnownFileType = text.plist.xml; path = Info.plist; sourceTree = "<group>"; };
		850870541EC20CAA00A79C08 /* MediatorPatternGoTests.xctest */ = {isa = PBXFileReference; explicitFileType = wrapper.cfbundle; includeInIndex = 0; path = MediatorPatternGoTests.xctest; sourceTree = BUILT_PRODUCTS_DIR; };
		850870581EC20CAA00A79C08 /* MediatorPatternGoTests.m */ = {isa = PBXFileReference; lastKnownFileType = sourcecode.c.objc; path = MediatorPatternGoTests.m; sourceTree = "<group>"; };
		8508705A1EC20CAA00A79C08 /* Info.plist */ = {isa = PBXFileReference; lastKnownFileType = text.plist.xml; path = Info.plist; sourceTree = "<group>"; };
		850870631EC20E8F00A79C08 /* MKRootViewController.h */ = {isa = PBXFileReference; fileEncoding = 4; lastKnownFileType = sourcecode.c.h; path = MKRootViewController.h; sourceTree = "<group>"; };
		850870641EC20E8F00A79C08 /* MKRootViewController.m */ = {isa = PBXFileReference; fileEncoding = 4; lastKnownFileType = sourcecode.c.objc; path = MKRootViewController.m; sourceTree = "<group>"; };
		850870881EC2DFC300A79C08 /* MKMediator+ModuleA.h */ = {isa = PBXFileReference; fileEncoding = 4; lastKnownFileType = sourcecode.c.h; path = "MKMediator+ModuleA.h"; sourceTree = "<group>"; };
		850870891EC2DFC300A79C08 /* MKMediator+ModuleA.m */ = {isa = PBXFileReference; fileEncoding = 4; lastKnownFileType = sourcecode.c.objc; path = "MKMediator+ModuleA.m"; sourceTree = "<group>"; };
		8508708A1EC2DFC300A79C08 /* MKMediator+ModuleB.h */ = {isa = PBXFileReference; fileEncoding = 4; lastKnownFileType = sourcecode.c.h; path = "MKMediator+ModuleB.h"; sourceTree = "<group>"; };
		8508708B1EC2DFC300A79C08 /* MKMediator+ModuleB.m */ = {isa = PBXFileReference; fileEncoding = 4; lastKnownFileType = sourcecode.c.objc; path = "MKMediator+ModuleB.m"; sourceTree = "<group>"; };
		8508708C1EC2DFC300A79C08 /* MKMediator+ModuleC.h */ = {isa = PBXFileReference; fileEncoding = 4; lastKnownFileType = sourcecode.c.h; path = "MKMediator+ModuleC.h"; sourceTree = "<group>"; };
		8508708D1EC2DFC300A79C08 /* MKMediator+ModuleC.m */ = {isa = PBXFileReference; fileEncoding = 4; lastKnownFileType = sourcecode.c.objc; path = "MKMediator+ModuleC.m"; sourceTree = "<group>"; };
		8508708E1EC2DFC300A79C08 /* MKMediator.h */ = {isa = PBXFileReference; fileEncoding = 4; lastKnownFileType = sourcecode.c.h; path = MKMediator.h; sourceTree = "<group>"; };
		8508708F1EC2DFC300A79C08 /* MKMediator.m */ = {isa = PBXFileReference; fileEncoding = 4; lastKnownFileType = sourcecode.c.objc; path = MKMediator.m; sourceTree = "<group>"; };
		850870911EC2DFC300A79C08 /* MKModuleA.h */ = {isa = PBXFileReference; fileEncoding = 4; lastKnownFileType = sourcecode.c.h; path = MKModuleA.h; sourceTree = "<group>"; };
		850870921EC2DFC300A79C08 /* MKModuleA.m */ = {isa = PBXFileReference; fileEncoding = 4; lastKnownFileType = sourcecode.c.objc; path = MKModuleA.m; sourceTree = "<group>"; };
		850870931EC2DFC300A79C08 /* MKModuleAController.h */ = {isa = PBXFileReference; fileEncoding = 4; lastKnownFileType = sourcecode.c.h; path = MKModuleAController.h; sourceTree = "<group>"; };
		850870941EC2DFC300A79C08 /* MKModuleAController.m */ = {isa = PBXFileReference; fileEncoding = 4; lastKnownFileType = sourcecode.c.objc; path = MKModuleAController.m; sourceTree = "<group>"; };
		850870961EC2DFC300A79C08 /* MKModuleB.h */ = {isa = PBXFileReference; fileEncoding = 4; lastKnownFileType = sourcecode.c.h; path = MKModuleB.h; sourceTree = "<group>"; };
		850870971EC2DFC300A79C08 /* MKModuleB.m */ = {isa = PBXFileReference; fileEncoding = 4; lastKnownFileType = sourcecode.c.objc; path = MKModuleB.m; sourceTree = "<group>"; };
		850870981EC2DFC300A79C08 /* MKModuleBController.h */ = {isa = PBXFileReference; fileEncoding = 4; lastKnownFileType = sourcecode.c.h; path = MKModuleBController.h; sourceTree = "<group>"; };
		850870991EC2DFC300A79C08 /* MKModuleBController.m */ = {isa = PBXFileReference; fileEncoding = 4; lastKnownFileType = sourcecode.c.objc; path = MKModuleBController.m; sourceTree = "<group>"; };
		8508709B1EC2DFC300A79C08 /* MKModuleC.h */ = {isa = PBXFileReference; fileEncoding = 4; lastKnownFileType = sourcecode.c.h; path = MKModuleC.h; sourceTree = "<group>"; };
		8508709C1EC2DFC300A79C08 /* MKModuleC.m */ = {isa = PBXFileReference; fileEncoding = 4; lastKnownFileType = sourcecode.c.objc; path = MKModuleC.m; sourceTree = "<group>"; };
		8508709D1EC2DFC300A79C08 /* MKModuleCController.h */ = {isa = PBXFileReference; fileEncoding = 4; lastKnownFileType = sourcecode.c.h; path = MKModuleCController.h; sourceTree = "<group>"; };
		8508709E1EC2DFC300A79C08 /* MKModuleCController.m */ = {isa = PBXFileReference; fileEncoding = 4; lastKnownFileType = sourcecode.c.objc; path = MKModuleCController.m; sourceTree = "<group>"; };
/* End PBXFileReference section */

/* Begin PBXFrameworksBuildPhase section */
		850870381EC20CAA00A79C08 /* Frameworks */ = {
			isa = PBXFrameworksBuildPhase;
			buildActionMask = 2147483647;
			files = (
			);
			runOnlyForDeploymentPostprocessing = 0;
		};
		850870511EC20CAA00A79C08 /* Frameworks */ = {
			isa = PBXFrameworksBuildPhase;
			buildActionMask = 2147483647;
			files = (
			);
			runOnlyForDeploymentPostprocessing = 0;
		};
/* End PBXFrameworksBuildPhase section */

/* Begin PBXGroup section */
		850870321EC20CAA00A79C08 = {
			isa = PBXGroup;
			children = (
				8508703D1EC20CAA00A79C08 /* MediatorPatternGo */,
				850870571EC20CAA00A79C08 /* MediatorPatternGoTests */,
				8508703C1EC20CAA00A79C08 /* Products */,
			);
			sourceTree = "<group>";
		};
		8508703C1EC20CAA00A79C08 /* Products */ = {
			isa = PBXGroup;
			children = (
				8508703B1EC20CAA00A79C08 /* MediatorPatternGo.app */,
				850870541EC20CAA00A79C08 /* MediatorPatternGoTests.xctest */,
			);
			name = Products;
			sourceTree = "<group>";
		};
		8508703D1EC20CAA00A79C08 /* MediatorPatternGo */ = {
			isa = PBXGroup;
			children = (
				850870411EC20CAA00A79C08 /* AppDelegate.h */,
				850870421EC20CAA00A79C08 /* AppDelegate.m */,
				850870631EC20E8F00A79C08 /* MKRootViewController.h */,
				850870641EC20E8F00A79C08 /* MKRootViewController.m */,
				850870871EC2DFC300A79C08 /* MKMediator */,
				850870901EC2DFC300A79C08 /* ModuleA */,
				850870951EC2DFC300A79C08 /* ModuleB */,
				8508709A1EC2DFC300A79C08 /* ModuleC */,
				850870441EC20CAA00A79C08 /* ViewController.h */,
				850870451EC20CAA00A79C08 /* ViewController.m */,
				850870471EC20CAA00A79C08 /* Main.storyboard */,
				8508704A1EC20CAA00A79C08 /* Assets.xcassets */,
				8508704C1EC20CAA00A79C08 /* LaunchScreen.storyboard */,
				8508704F1EC20CAA00A79C08 /* Info.plist */,
				8508703E1EC20CAA00A79C08 /* Supporting Files */,
			);
			path = MediatorPatternGo;
			sourceTree = "<group>";
		};
		8508703E1EC20CAA00A79C08 /* Supporting Files */ = {
			isa = PBXGroup;
			children = (
				8508703F1EC20CAA00A79C08 /* main.m */,
			);
			name = "Supporting Files";
			sourceTree = "<group>";
		};
		850870571EC20CAA00A79C08 /* MediatorPatternGoTests */ = {
			isa = PBXGroup;
			children = (
				850870581EC20CAA00A79C08 /* MediatorPatternGoTests.m */,
				8508705A1EC20CAA00A79C08 /* Info.plist */,
			);
			path = MediatorPatternGoTests;
			sourceTree = "<group>";
		};
		850870871EC2DFC300A79C08 /* MKMediator */ = {
			isa = PBXGroup;
			children = (
				850870881EC2DFC300A79C08 /* MKMediator+ModuleA.h */,
				850870891EC2DFC300A79C08 /* MKMediator+ModuleA.m */,
				8508708A1EC2DFC300A79C08 /* MKMediator+ModuleB.h */,
				8508708B1EC2DFC300A79C08 /* MKMediator+ModuleB.m */,
				8508708C1EC2DFC300A79C08 /* MKMediator+ModuleC.h */,
				8508708D1EC2DFC300A79C08 /* MKMediator+ModuleC.m */,
				8508708E1EC2DFC300A79C08 /* MKMediator.h */,
				8508708F1EC2DFC300A79C08 /* MKMediator.m */,
			);
			path = MKMediator;
			sourceTree = "<group>";
		};
		850870901EC2DFC300A79C08 /* ModuleA */ = {
			isa = PBXGroup;
			children = (
				850870911EC2DFC300A79C08 /* MKModuleA.h */,
				850870921EC2DFC300A79C08 /* MKModuleA.m */,
				850870931EC2DFC300A79C08 /* MKModuleAController.h */,
				850870941EC2DFC300A79C08 /* MKModuleAController.m */,
			);
			path = ModuleA;
			sourceTree = "<group>";
		};
		850870951EC2DFC300A79C08 /* ModuleB */ = {
			isa = PBXGroup;
			children = (
				850870961EC2DFC300A79C08 /* MKModuleB.h */,
				850870971EC2DFC300A79C08 /* MKModuleB.m */,
				850870981EC2DFC300A79C08 /* MKModuleBController.h */,
				850870991EC2DFC300A79C08 /* MKModuleBController.m */,
			);
			path = ModuleB;
			sourceTree = "<group>";
		};
		8508709A1EC2DFC300A79C08 /* ModuleC */ = {
			isa = PBXGroup;
			children = (
				8508709B1EC2DFC300A79C08 /* MKModuleC.h */,
				8508709C1EC2DFC300A79C08 /* MKModuleC.m */,
				8508709D1EC2DFC300A79C08 /* MKModuleCController.h */,
				8508709E1EC2DFC300A79C08 /* MKModuleCController.m */,
			);
			path = ModuleC;
			sourceTree = "<group>";
		};
/* End PBXGroup section */

/* Begin PBXNativeTarget section */
		8508703A1EC20CAA00A79C08 /* MediatorPatternGo */ = {
			isa = PBXNativeTarget;
			buildConfigurationList = 8508705D1EC20CAA00A79C08 /* Build configuration list for PBXNativeTarget "MediatorPatternGo" */;
			buildPhases = (
				850870371EC20CAA00A79C08 /* Sources */,
				850870381EC20CAA00A79C08 /* Frameworks */,
				850870391EC20CAA00A79C08 /* Resources */,
			);
			buildRules = (
			);
			dependencies = (
			);
			name = MediatorPatternGo;
			productName = MediatorPatternGo;
			productReference = 8508703B1EC20CAA00A79C08 /* MediatorPatternGo.app */;
			productType = "com.apple.product-type.application";
		};
		850870531EC20CAA00A79C08 /* MediatorPatternGoTests */ = {
			isa = PBXNativeTarget;
			buildConfigurationList = 850870601EC20CAA00A79C08 /* Build configuration list for PBXNativeTarget "MediatorPatternGoTests" */;
			buildPhases = (
				850870501EC20CAA00A79C08 /* Sources */,
				850870511EC20CAA00A79C08 /* Frameworks */,
				850870521EC20CAA00A79C08 /* Resources */,
			);
			buildRules = (
			);
			dependencies = (
				850870561EC20CAA00A79C08 /* PBXTargetDependency */,
			);
			name = MediatorPatternGoTests;
			productName = MediatorPatternGoTests;
			productReference = 850870541EC20CAA00A79C08 /* MediatorPatternGoTests.xctest */;
			productType = "com.apple.product-type.bundle.unit-test";
		};
/* End PBXNativeTarget section */

/* Begin PBXProject section */
		850870331EC20CAA00A79C08 /* Project object */ = {
			isa = PBXProject;
			attributes = {
				LastUpgradeCheck = 0830;
				ORGANIZATIONNAME = "MengQi Yang";
				TargetAttributes = {
					8508703A1EC20CAA00A79C08 = {
						CreatedOnToolsVersion = 8.3.2;
						DevelopmentTeam = 668Q67633V;
						ProvisioningStyle = Automatic;
					};
					850870531EC20CAA00A79C08 = {
						CreatedOnToolsVersion = 8.3.2;
						DevelopmentTeam = 668Q67633V;
						ProvisioningStyle = Automatic;
						TestTargetID = 8508703A1EC20CAA00A79C08;
					};
				};
			};
			buildConfigurationList = 850870361EC20CAA00A79C08 /* Build configuration list for PBXProject "MediatorPatternGo" */;
			compatibilityVersion = "Xcode 3.2";
			developmentRegion = English;
			hasScannedForEncodings = 0;
			knownRegions = (
				en,
				Base,
			);
			mainGroup = 850870321EC20CAA00A79C08;
			productRefGroup = 8508703C1EC20CAA00A79C08 /* Products */;
			projectDirPath = "";
			projectRoot = "";
			targets = (
				8508703A1EC20CAA00A79C08 /* MediatorPatternGo */,
				850870531EC20CAA00A79C08 /* MediatorPatternGoTests */,
			);
		};
/* End PBXProject section */

/* Begin PBXResourcesBuildPhase section */
		850870391EC20CAA00A79C08 /* Resources */ = {
			isa = PBXResourcesBuildPhase;
			buildActionMask = 2147483647;
			files = (
				8508704E1EC20CAA00A79C08 /* LaunchScreen.storyboard in Resources */,
				8508704B1EC20CAA00A79C08 /* Assets.xcassets in Resources */,
				850870491EC20CAA00A79C08 /* Main.storyboard in Resources */,
			);
			runOnlyForDeploymentPostprocessing = 0;
		};
		850870521EC20CAA00A79C08 /* Resources */ = {
			isa = PBXResourcesBuildPhase;
			buildActionMask = 2147483647;
			files = (
			);
			runOnlyForDeploymentPostprocessing = 0;
		};
/* End PBXResourcesBuildPhase section */

/* Begin PBXSourcesBuildPhase section */
		850870371EC20CAA00A79C08 /* Sources */ = {
			isa = PBXSourcesBuildPhase;
			buildActionMask = 2147483647;
			files = (
				850870A61EC2DFC300A79C08 /* MKModuleBController.m in Sources */,
				850870A11EC2DFC300A79C08 /* MKMediator+ModuleC.m in Sources */,
				850870A41EC2DFC300A79C08 /* MKModuleAController.m in Sources */,
				850870A81EC2DFC300A79C08 /* MKModuleCController.m in Sources */,
				850870651EC20E8F00A79C08 /* MKRootViewController.m in Sources */,
				850870A31EC2DFC300A79C08 /* MKModuleA.m in Sources */,
				850870461EC20CAA00A79C08 /* ViewController.m in Sources */,
				850870431EC20CAA00A79C08 /* AppDelegate.m in Sources */,
				850870A21EC2DFC300A79C08 /* MKMediator.m in Sources */,
				850870A01EC2DFC300A79C08 /* MKMediator+ModuleB.m in Sources */,
				850870A51EC2DFC300A79C08 /* MKModuleB.m in Sources */,
				850870401EC20CAA00A79C08 /* main.m in Sources */,
				8508709F1EC2DFC300A79C08 /* MKMediator+ModuleA.m in Sources */,
				850870A71EC2DFC300A79C08 /* MKModuleC.m in Sources */,
			);
			runOnlyForDeploymentPostprocessing = 0;
		};
		850870501EC20CAA00A79C08 /* Sources */ = {
			isa = PBXSourcesBuildPhase;
			buildActionMask = 2147483647;
			files = (
				850870591EC20CAA00A79C08 /* MediatorPatternGoTests.m in Sources */,
			);
			runOnlyForDeploymentPostprocessing = 0;
		};
/* End PBXSourcesBuildPhase section */

/* Begin PBXTargetDependency section */
		850870561EC20CAA00A79C08 /* PBXTargetDependency */ = {
			isa = PBXTargetDependency;
			target = 8508703A1EC20CAA00A79C08 /* MediatorPatternGo */;
			targetProxy = 850870551EC20CAA00A79C08 /* PBXContainerItemProxy */;
		};
/* End PBXTargetDependency section */

/* Begin PBXVariantGroup section */
		850870471EC20CAA00A79C08 /* Main.storyboard */ = {
			isa = PBXVariantGroup;
			children = (
				850870481EC20CAA00A79C08 /* Base */,
			);
			name = Main.storyboard;
			sourceTree = "<group>";
		};
		8508704C1EC20CAA00A79C08 /* LaunchScreen.storyboard */ = {
			isa = PBXVariantGroup;
			children = (
				8508704D1EC20CAA00A79C08 /* Base */,
			);
			name = LaunchScreen.storyboard;
			sourceTree = "<group>";
		};
/* End PBXVariantGroup section */

/* Begin XCBuildConfiguration section */
		8508705B1EC20CAA00A79C08 /* Debug */ = {
			isa = XCBuildConfiguration;
			buildSettings = {
				ALWAYS_SEARCH_USER_PATHS = NO;
				CLANG_ANALYZER_NONNULL = YES;
				CLANG_ANALYZER_NUMBER_OBJECT_CONVERSION = YES_AGGRESSIVE;
				CLANG_CXX_LANGUAGE_STANDARD = "gnu++0x";
				CLANG_CXX_LIBRARY = "libc++";
				CLANG_ENABLE_MODULES = YES;
				CLANG_ENABLE_OBJC_ARC = YES;
				CLANG_WARN_BOOL_CONVERSION = YES;
				CLANG_WARN_CONSTANT_CONVERSION = YES;
				CLANG_WARN_DIRECT_OBJC_ISA_USAGE = YES_ERROR;
				CLANG_WARN_DOCUMENTATION_COMMENTS = YES;
				CLANG_WARN_EMPTY_BODY = YES;
				CLANG_WARN_ENUM_CONVERSION = YES;
				CLANG_WARN_INFINITE_RECURSION = YES;
				CLANG_WARN_INT_CONVERSION = YES;
				CLANG_WARN_OBJC_ROOT_CLASS = YES_ERROR;
				CLANG_WARN_SUSPICIOUS_MOVE = YES;
				CLANG_WARN_UNREACHABLE_CODE = YES;
				CLANG_WARN__DUPLICATE_METHOD_MATCH = YES;
				"CODE_SIGN_IDENTITY[sdk=iphoneos*]" = "iPhone Developer";
				COPY_PHASE_STRIP = NO;
				DEBUG_INFORMATION_FORMAT = dwarf;
				ENABLE_STRICT_OBJC_MSGSEND = YES;
				ENABLE_TESTABILITY = YES;
				GCC_C_LANGUAGE_STANDARD = gnu99;
				GCC_DYNAMIC_NO_PIC = NO;
				GCC_NO_COMMON_BLOCKS = YES;
				GCC_OPTIMIZATION_LEVEL = 0;
				GCC_PREPROCESSOR_DEFINITIONS = (
					"DEBUG=1",
					"$(inherited)",
				);
				GCC_WARN_64_TO_32_BIT_CONVERSION = YES;
				GCC_WARN_ABOUT_RETURN_TYPE = YES_ERROR;
				GCC_WARN_UNDECLARED_SELECTOR = YES;
				GCC_WARN_UNINITIALIZED_AUTOS = YES_AGGRESSIVE;
				GCC_WARN_UNUSED_FUNCTION = YES;
				GCC_WARN_UNUSED_VARIABLE = YES;
				IPHONEOS_DEPLOYMENT_TARGET = 10.3;
				MTL_ENABLE_DEBUG_INFO = YES;
				ONLY_ACTIVE_ARCH = YES;
				SDKROOT = iphoneos;
			};
			name = Debug;
		};
		8508705C1EC20CAA00A79C08 /* Release */ = {
			isa = XCBuildConfiguration;
			buildSettings = {
				ALWAYS_SEARCH_USER_PATHS = NO;
				CLANG_ANALYZER_NONNULL = YES;
				CLANG_ANALYZER_NUMBER_OBJECT_CONVERSION = YES_AGGRESSIVE;
				CLANG_CXX_LANGUAGE_STANDARD = "gnu++0x";
				CLANG_CXX_LIBRARY = "libc++";
				CLANG_ENABLE_MODULES = YES;
				CLANG_ENABLE_OBJC_ARC = YES;
				CLANG_WARN_BOOL_CONVERSION = YES;
				CLANG_WARN_CONSTANT_CONVERSION = YES;
				CLANG_WARN_DIRECT_OBJC_ISA_USAGE = YES_ERROR;
				CLANG_WARN_DOCUMENTATION_COMMENTS = YES;
				CLANG_WARN_EMPTY_BODY = YES;
				CLANG_WARN_ENUM_CONVERSION = YES;
				CLANG_WARN_INFINITE_RECURSION = YES;
				CLANG_WARN_INT_CONVERSION = YES;
				CLANG_WARN_OBJC_ROOT_CLASS = YES_ERROR;
				CLANG_WARN_SUSPICIOUS_MOVE = YES;
				CLANG_WARN_UNREACHABLE_CODE = YES;
				CLANG_WARN__DUPLICATE_METHOD_MATCH = YES;
				"CODE_SIGN_IDENTITY[sdk=iphoneos*]" = "iPhone Developer";
				COPY_PHASE_STRIP = NO;
				DEBUG_INFORMATION_FORMAT = "dwarf-with-dsym";
				ENABLE_NS_ASSERTIONS = NO;
				ENABLE_STRICT_OBJC_MSGSEND = YES;
				GCC_C_LANGUAGE_STANDARD = gnu99;
				GCC_NO_COMMON_BLOCKS = YES;
				GCC_WARN_64_TO_32_BIT_CONVERSION = YES;
				GCC_WARN_ABOUT_RETURN_TYPE = YES_ERROR;
				GCC_WARN_UNDECLARED_SELECTOR = YES;
				GCC_WARN_UNINITIALIZED_AUTOS = YES_AGGRESSIVE;
				GCC_WARN_UNUSED_FUNCTION = YES;
				GCC_WARN_UNUSED_VARIABLE = YES;
				IPHONEOS_DEPLOYMENT_TARGET = 10.3;
				MTL_ENABLE_DEBUG_INFO = NO;
				SDKROOT = iphoneos;
				VALIDATE_PRODUCT = YES;
			};
			name = Release;
		};
		8508705E1EC20CAA00A79C08 /* Debug */ = {
			isa = XCBuildConfiguration;
			buildSettings = {
				ASSETCATALOG_COMPILER_APPICON_NAME = AppIcon;
				DEVELOPMENT_TEAM = 668Q67633V;
				INFOPLIST_FILE = MediatorPatternGo/Info.plist;
				LD_RUNPATH_SEARCH_PATHS = "$(inherited) @executable_path/Frameworks";
				PRODUCT_BUNDLE_IDENTIFIER = com.monki.MediatorPatternGo;
				PRODUCT_NAME = "$(TARGET_NAME)";
			};
			name = Debug;
		};
		8508705F1EC20CAA00A79C08 /* Release */ = {
			isa = XCBuildConfiguration;
			buildSettings = {
				ASSETCATALOG_COMPILER_APPICON_NAME = AppIcon;
				DEVELOPMENT_TEAM = 668Q67633V;
				INFOPLIST_FILE = MediatorPatternGo/Info.plist;
				LD_RUNPATH_SEARCH_PATHS = "$(inherited) @executable_path/Frameworks";
				PRODUCT_BUNDLE_IDENTIFIER = com.monki.MediatorPatternGo;
				PRODUCT_NAME = "$(TARGET_NAME)";
			};
			name = Release;
		};
		850870611EC20CAA00A79C08 /* Debug */ = {
			isa = XCBuildConfiguration;
			buildSettings = {
				BUNDLE_LOADER = "$(TEST_HOST)";
				DEVELOPMENT_TEAM = 668Q67633V;
				INFOPLIST_FILE = MediatorPatternGoTests/Info.plist;
				LD_RUNPATH_SEARCH_PATHS = "$(inherited) @executable_path/Frameworks @loader_path/Frameworks";
				PRODUCT_BUNDLE_IDENTIFIER = com.monki.MediatorPatternGoTests;
				PRODUCT_NAME = "$(TARGET_NAME)";
				TEST_HOST = "$(BUILT_PRODUCTS_DIR)/MediatorPatternGo.app/MediatorPatternGo";
			};
			name = Debug;
		};
		850870621EC20CAA00A79C08 /* Release */ = {
			isa = XCBuildConfiguration;
			buildSettings = {
				BUNDLE_LOADER = "$(TEST_HOST)";
				DEVELOPMENT_TEAM = 668Q67633V;
				INFOPLIST_FILE = MediatorPatternGoTests/Info.plist;
				LD_RUNPATH_SEARCH_PATHS = "$(inherited) @executable_path/Frameworks @loader_path/Frameworks";
				PRODUCT_BUNDLE_IDENTIFIER = com.monki.MediatorPatternGoTests;
				PRODUCT_NAME = "$(TARGET_NAME)";
				TEST_HOST = "$(BUILT_PRODUCTS_DIR)/MediatorPatternGo.app/MediatorPatternGo";
			};
			name = Release;
		};
/* End XCBuildConfiguration section */

/* Begin XCConfigurationList section */
		850870361EC20CAA00A79C08 /* Build configuration list for PBXProject "MediatorPatternGo" */ = {
			isa = XCConfigurationList;
			buildConfigurations = (
				8508705B1EC20CAA00A79C08 /* Debug */,
				8508705C1EC20CAA00A79C08 /* Release */,
			);
			defaultConfigurationIsVisible = 0;
			defaultConfigurationName = Release;
		};
		8508705D1EC20CAA00A79C08 /* Build configuration list for PBXNativeTarget "MediatorPatternGo" */ = {
			isa = XCConfigurationList;
			buildConfigurations = (
				8508705E1EC20CAA00A79C08 /* Debug */,
				8508705F1EC20CAA00A79C08 /* Release */,
			);
			defaultConfigurationIsVisible = 0;
			defaultConfigurationName = Release;
		};
		850870601EC20CAA00A79C08 /* Build configuration list for PBXNativeTarget "MediatorPatternGoTests" */ = {
			isa = XCConfigurationList;
			buildConfigurations = (
				850870611EC20CAA00A79C08 /* Debug */,
				850870621EC20CAA00A79C08 /* Release */,
			);
			defaultConfigurationIsVisible = 0;
			defaultConfigurationName = Release;
		};
/* End XCConfigurationList section */
	};
	rootObject = 850870331EC20CAA00A79C08 /* Project object */;
}
